
Microsoft Visual Studio Solution File, Format Version 12.00
# Visual Studio 15
VisualStudioVersion = 15.0.26403.0
MinimumVisualStudioVersion = 10.0.40219.1
Project("{FAE04EC0-301F-11D3-BF4B-00C04F79EFBC}") = "SoftFx.Common", "SoftFx.Common\SoftFx.Common.csproj", "{A0D8C046-FE2E-44B6-98D0-269D7587D8F0}"
EndProject
Project("{FAE04EC0-301F-11D3-BF4B-00C04F79EFBC}") = "SoftFx.PublicIndicators", "SoftFx.PublicIndicators\SoftFx.PublicIndicators.csproj", "{ECD50C86-7EFA-483B-94E7-4C97867C96F2}"
EndProject
Project("{FAE04EC0-301F-11D3-BF4B-00C04F79EFBC}") = "SoftFx.Common.Graphs", "SoftFx.Common.Graphs\SoftFx.Common.Graphs.csproj", "{BEE9A467-4EB8-4BE2-B48A-EEEA9DDA2B43}"
EndProject
Global
	GlobalSection(SolutionConfigurationPlatforms) = preSolution
		Debug|Any CPU = Debug|Any CPU
		Release|Any CPU = Release|Any CPU
	EndGlobalSection
	GlobalSection(ProjectConfigurationPlatforms) = postSolution
		{A0D8C046-FE2E-44B6-98D0-269D7587D8F0}.Debug|Any CPU.ActiveCfg = Debug|Any CPU
		{A0D8C046-FE2E-44B6-98D0-269D7587D8F0}.Debug|Any CPU.Build.0 = Debug|Any CPU
		{A0D8C046-FE2E-44B6-98D0-269D7587D8F0}.Release|Any CPU.ActiveCfg = Release|Any CPU
		{A0D8C046-FE2E-44B6-98D0-269D7587D8F0}.Release|Any CPU.Build.0 = Release|Any CPU
		{ECD50C86-7EFA-483B-94E7-4C97867C96F2}.Debug|Any CPU.ActiveCfg = Debug|Any CPU
		{ECD50C86-7EFA-483B-94E7-4C97867C96F2}.Debug|Any CPU.Build.0 = Debug|Any CPU
		{ECD50C86-7EFA-483B-94E7-4C97867C96F2}.Release|Any CPU.ActiveCfg = Release|Any CPU
		{ECD50C86-7EFA-483B-94E7-4C97867C96F2}.Release|Any CPU.Build.0 = Release|Any CPU
		{BEE9A467-4EB8-4BE2-B48A-EEEA9DDA2B43}.Debug|Any CPU.ActiveCfg = Debug|Any CPU
		{BEE9A467-4EB8-4BE2-B48A-EEEA9DDA2B43}.Debug|Any CPU.Build.0 = Debug|Any CPU
		{BEE9A467-4EB8-4BE2-B48A-EEEA9DDA2B43}.Release|Any CPU.ActiveCfg = Release|Any CPU
		{BEE9A467-4EB8-4BE2-B48A-EEEA9DDA2B43}.Release|Any CPU.Build.0 = Release|Any CPU
	EndGlobalSection
	GlobalSection(SolutionProperties) = preSolution
		HideSolutionNode = FALSE
	EndGlobalSection
EndGlobal
