
Microsoft Visual Studio Solution File, Format Version 12.00
# Visual Studio Version 17
VisualStudioVersion = 17.3.32811.315
MinimumVisualStudioVersion = 10.0.40219.1
Project("{9A19103F-16F7-4668-BE54-9A1E7A4F7556}") = "SoftFx.Common", "SoftFx.Common\SoftFx.Common.csproj", "{A0D8C046-FE2E-44B6-98D0-269D7587D8F0}"
EndProject
Project("{9A19103F-16F7-4668-BE54-9A1E7A4F7556}") = "SoftFx.PublicIndicators", "SoftFx.PublicIndicators\SoftFx.PublicIndicators.csproj", "{ECD50C86-7EFA-483B-94E7-4C97867C96F2}"
EndProject
Project("{9A19103F-16F7-4668-BE54-9A1E7A4F7556}") = "SoftFx.Common.Graphs", "SoftFx.Common.Graphs\SoftFx.Common.Graphs.csproj", "{BEE9A467-4EB8-4BE2-B48A-EEEA9DDA2B43}"
EndProject
Project("{9A19103F-16F7-4668-BE54-9A1E7A4F7556}") = "SoftFx.PublicBots", "SoftFx.PublicBots\SoftFx.PublicBots.csproj", "{CD389035-D184-4148-AF7D-0A3E81601FBB}"
EndProject
Project("{9A19103F-16F7-4668-BE54-9A1E7A4F7556}") = "ImportAccountStateBot", "ImportAccountStateBot\ImportAccountStateBot.csproj", "{7CD0A51C-EBC6-4308-AE97-6751E316D23D}"
EndProject
Project("{9A19103F-16F7-4668-BE54-9A1E7A4F7556}") = "MovingAverageBot", "MovingAverageBot\MovingAverageBot.csproj", "{9676ECAA-2F9C-48DD-8AA8-3EC06789BD21}"
EndProject
Project("{9A19103F-16F7-4668-BE54-9A1E7A4F7556}") = "MovingAverageBot.v.2", "MovingAverageBot.v.2\MovingAverageBot.v.2.csproj", "{BAD3A058-C6E1-41E3-9E66-DC599820ABBF}"
EndProject
Project("{9A19103F-16F7-4668-BE54-9A1E7A4F7556}") = "MACDsampleBot", "MACDsampleBot\MACDsampleBot.csproj", "{6F1EF6C4-FC38-4A13-AE99-FCC433BA02E6}"
EndProject
Project("{9A19103F-16F7-4668-BE54-9A1E7A4F7556}") = "100YearPortfolioBot", "100YearPortfolio\100YearPortfolioBot.csproj", "{37D83C26-7376-4E36-9C76-D18D715D8822}"
EndProject
Global
	GlobalSection(SolutionConfigurationPlatforms) = preSolution
		Debug|Any CPU = Debug|Any CPU
		Release|Any CPU = Release|Any CPU
	EndGlobalSection
	GlobalSection(ProjectConfigurationPlatforms) = postSolution
		{A0D8C046-FE2E-44B6-98D0-269D7587D8F0}.Debug|Any CPU.ActiveCfg = Debug|Any CPU
		{A0D8C046-FE2E-44B6-98D0-269D7587D8F0}.Debug|Any CPU.Build.0 = Debug|Any CPU
		{A0D8C046-FE2E-44B6-98D0-269D7587D8F0}.Release|Any CPU.ActiveCfg = Release|Any CPU
		{A0D8C046-FE2E-44B6-98D0-269D7587D8F0}.Release|Any CPU.Build.0 = Release|Any CPU
		{ECD50C86-7EFA-483B-94E7-4C97867C96F2}.Debug|Any CPU.ActiveCfg = Debug|Any CPU
		{ECD50C86-7EFA-483B-94E7-4C97867C96F2}.Debug|Any CPU.Build.0 = Debug|Any CPU
		{ECD50C86-7EFA-483B-94E7-4C97867C96F2}.Release|Any CPU.ActiveCfg = Release|Any CPU
		{ECD50C86-7EFA-483B-94E7-4C97867C96F2}.Release|Any CPU.Build.0 = Release|Any CPU
		{BEE9A467-4EB8-4BE2-B48A-EEEA9DDA2B43}.Debug|Any CPU.ActiveCfg = Debug|Any CPU
		{BEE9A467-4EB8-4BE2-B48A-EEEA9DDA2B43}.Debug|Any CPU.Build.0 = Debug|Any CPU
		{BEE9A467-4EB8-4BE2-B48A-EEEA9DDA2B43}.Release|Any CPU.ActiveCfg = Release|Any CPU
		{BEE9A467-4EB8-4BE2-B48A-EEEA9DDA2B43}.Release|Any CPU.Build.0 = Release|Any CPU
		{CD389035-D184-4148-AF7D-0A3E81601FBB}.Debug|Any CPU.ActiveCfg = Debug|Any CPU
		{CD389035-D184-4148-AF7D-0A3E81601FBB}.Debug|Any CPU.Build.0 = Debug|Any CPU
		{CD389035-D184-4148-AF7D-0A3E81601FBB}.Release|Any CPU.ActiveCfg = Release|Any CPU
		{CD389035-D184-4148-AF7D-0A3E81601FBB}.Release|Any CPU.Build.0 = Release|Any CPU
		{7CD0A51C-EBC6-4308-AE97-6751E316D23D}.Debug|Any CPU.ActiveCfg = Debug|Any CPU
		{7CD0A51C-EBC6-4308-AE97-6751E316D23D}.Debug|Any CPU.Build.0 = Debug|Any CPU
		{7CD0A51C-EBC6-4308-AE97-6751E316D23D}.Release|Any CPU.ActiveCfg = Release|Any CPU
		{7CD0A51C-EBC6-4308-AE97-6751E316D23D}.Release|Any CPU.Build.0 = Release|Any CPU
		{9676ECAA-2F9C-48DD-8AA8-3EC06789BD21}.Debug|Any CPU.ActiveCfg = Debug|Any CPU
		{9676ECAA-2F9C-48DD-8AA8-3EC06789BD21}.Debug|Any CPU.Build.0 = Debug|Any CPU
		{9676ECAA-2F9C-48DD-8AA8-3EC06789BD21}.Release|Any CPU.ActiveCfg = Release|Any CPU
		{9676ECAA-2F9C-48DD-8AA8-3EC06789BD21}.Release|Any CPU.Build.0 = Release|Any CPU
		{BAD3A058-C6E1-41E3-9E66-DC599820ABBF}.Debug|Any CPU.ActiveCfg = Debug|Any CPU
		{BAD3A058-C6E1-41E3-9E66-DC599820ABBF}.Debug|Any CPU.Build.0 = Debug|Any CPU
		{BAD3A058-C6E1-41E3-9E66-DC599820ABBF}.Release|Any CPU.ActiveCfg = Release|Any CPU
		{BAD3A058-C6E1-41E3-9E66-DC599820ABBF}.Release|Any CPU.Build.0 = Release|Any CPU
		{6F1EF6C4-FC38-4A13-AE99-FCC433BA02E6}.Debug|Any CPU.ActiveCfg = Debug|Any CPU
		{6F1EF6C4-FC38-4A13-AE99-FCC433BA02E6}.Debug|Any CPU.Build.0 = Debug|Any CPU
		{6F1EF6C4-FC38-4A13-AE99-FCC433BA02E6}.Release|Any CPU.ActiveCfg = Release|Any CPU
		{6F1EF6C4-FC38-4A13-AE99-FCC433BA02E6}.Release|Any CPU.Build.0 = Release|Any CPU
		{37D83C26-7376-4E36-9C76-D18D715D8822}.Debug|Any CPU.ActiveCfg = Debug|Any CPU
		{37D83C26-7376-4E36-9C76-D18D715D8822}.Debug|Any CPU.Build.0 = Debug|Any CPU
		{37D83C26-7376-4E36-9C76-D18D715D8822}.Release|Any CPU.ActiveCfg = Release|Any CPU
		{37D83C26-7376-4E36-9C76-D18D715D8822}.Release|Any CPU.Build.0 = Release|Any CPU
	EndGlobalSection
	GlobalSection(SolutionProperties) = preSolution
		HideSolutionNode = FALSE
	EndGlobalSection
	GlobalSection(ExtensibilityGlobals) = postSolution
		SolutionGuid = {D8B854C1-04FB-4C60-8FB3-4BF8C654B654}
	EndGlobalSection
EndGlobal
